Microsoft Visual Studio Solution File, Format Version 12.00
# Visual Studio Version 16
VisualStudioVersion = 16.0.29209.62
MinimumVisualStudioVersion = 10.0.40219.1
Project("{FAE04EC0-301F-11D3-BF4B-00C04F79EFBC}") = "HTAlt.WinForms", "HTAlt.WinForms\HTAlt.WinForms.csproj", "{EC777E43-5DDB-481C-9A70-07B4AB6AF769}"
EndProject
Project("{FAE04EC0-301F-11D3-BF4B-00C04F79EFBC}") = "HTAlt.Winforms.Example", "HTAlt.WinForms.Example\HTAlt.Winforms.Example.csproj", "{1E4F3BDB-E3A1-4CD9-ABA3-C2E89A1F7C21}"
EndProject
Project("{9A19103F-16F7-4668-BE54-9A1E7A4F7556}") = "HTAlt.Standart", "HTAlt.Standart\HTAlt.Standart.csproj", "{FD372B88-D2DF-4420-AC75-9F70E0F3032E}"
EndProject
Project("{2150E333-8FDC-42A3-9474-1A3956D46DE8}") = "WinForms Framework", "WinForms Framework", "{C43759A6-AF84-44EC-9936-2BBD82CE39A3}"
EndProject
Project("{9A19103F-16F7-4668-BE54-9A1E7A4F7556}") = "HT-Admin", "HT.Admin\HT-Admin.csproj", "{A511C1FF-5592-426F-B2A1-FFD120C89602}"
EndProject
Project("{2150E333-8FDC-42A3-9474-1A3956D46DE8}") = "WinForms Core", "WinForms Core", "{53419FFE-CE58-4DBA-AF4E-3F92600FC303}"
EndProject
Project("{FAE04EC0-301F-11D3-BF4B-00C04F79EFBC}") = "HTAlt.WinForms.Core", "HTAlt.WinForms.Core\HTAlt.WinForms.Core.csproj", "{4C291EEB-464E-4A73-A0CD-5ACA6D7585AF}"
EndProject
Project("{FAE04EC0-301F-11D3-BF4B-00C04F79EFBC}") = "HTAlt.WinForms.Core.Test", "HTAlt.WinForms.Core.Test\HTAlt.WinForms.Core.Test.csproj", "{991BEF27-9762-4A59-B0A1-ECED0CEC2063}"
EndProject
Global
	GlobalSection(SolutionConfigurationPlatforms) = preSolution
		Debug|Any CPU = Debug|Any CPU
		Debug|x86 = Debug|x86
		Release|Any CPU = Release|Any CPU
		Release|x86 = Release|x86
	EndGlobalSection
	GlobalSection(ProjectConfigurationPlatforms) = postSolution
		{EC777E43-5DDB-481C-9A70-07B4AB6AF769}.Debug|Any CPU.ActiveCfg = Debug|Any CPU
		{EC777E43-5DDB-481C-9A70-07B4AB6AF769}.Debug|Any CPU.Build.0 = Debug|Any CPU
		{EC777E43-5DDB-481C-9A70-07B4AB6AF769}.Debug|x86.ActiveCfg = Debug|Any CPU
		{EC777E43-5DDB-481C-9A70-07B4AB6AF769}.Debug|x86.Build.0 = Debug|Any CPU
		{EC777E43-5DDB-481C-9A70-07B4AB6AF769}.Release|Any CPU.ActiveCfg = Release|Any CPU
		{EC777E43-5DDB-481C-9A70-07B4AB6AF769}.Release|Any CPU.Build.0 = Release|Any CPU
		{EC777E43-5DDB-481C-9A70-07B4AB6AF769}.Release|x86.ActiveCfg = Release|Any CPU
		{EC777E43-5DDB-481C-9A70-07B4AB6AF769}.Release|x86.Build.0 = Release|Any CPU
		{1E4F3BDB-E3A1-4CD9-ABA3-C2E89A1F7C21}.Debug|Any CPU.ActiveCfg = Debug|Any CPU
		{1E4F3BDB-E3A1-4CD9-ABA3-C2E89A1F7C21}.Debug|Any CPU.Build.0 = Debug|Any CPU
		{1E4F3BDB-E3A1-4CD9-ABA3-C2E89A1F7C21}.Debug|x86.ActiveCfg = Debug|Any CPU
		{1E4F3BDB-E3A1-4CD9-ABA3-C2E89A1F7C21}.Debug|x86.Build.0 = Debug|Any CPU
		{1E4F3BDB-E3A1-4CD9-ABA3-C2E89A1F7C21}.Release|Any CPU.ActiveCfg = Release|Any CPU
		{1E4F3BDB-E3A1-4CD9-ABA3-C2E89A1F7C21}.Release|Any CPU.Build.0 = Release|Any CPU
		{1E4F3BDB-E3A1-4CD9-ABA3-C2E89A1F7C21}.Release|x86.ActiveCfg = Release|Any CPU
		{1E4F3BDB-E3A1-4CD9-ABA3-C2E89A1F7C21}.Release|x86.Build.0 = Release|Any CPU
		{FD372B88-D2DF-4420-AC75-9F70E0F3032E}.Debug|Any CPU.ActiveCfg = Debug|Any CPU
		{FD372B88-D2DF-4420-AC75-9F70E0F3032E}.Debug|Any CPU.Build.0 = Debug|Any CPU
		{FD372B88-D2DF-4420-AC75-9F70E0F3032E}.Debug|x86.ActiveCfg = Debug|Any CPU
		{FD372B88-D2DF-4420-AC75-9F70E0F3032E}.Debug|x86.Build.0 = Debug|Any CPU
		{FD372B88-D2DF-4420-AC75-9F70E0F3032E}.Release|Any CPU.ActiveCfg = Release|Any CPU
		{FD372B88-D2DF-4420-AC75-9F70E0F3032E}.Release|Any CPU.Build.0 = Release|Any CPU
		{FD372B88-D2DF-4420-AC75-9F70E0F3032E}.Release|x86.ActiveCfg = Release|Any CPU
		{FD372B88-D2DF-4420-AC75-9F70E0F3032E}.Release|x86.Build.0 = Release|Any CPU
		{A511C1FF-5592-426F-B2A1-FFD120C89602}.Debug|Any CPU.ActiveCfg = Debug|Any CPU
		{A511C1FF-5592-426F-B2A1-FFD120C89602}.Debug|Any CPU.Build.0 = Debug|Any CPU
		{A511C1FF-5592-426F-B2A1-FFD120C89602}.Debug|x86.ActiveCfg = Debug|Any CPU
		{A511C1FF-5592-426F-B2A1-FFD120C89602}.Debug|x86.Build.0 = Debug|Any CPU
		{A511C1FF-5592-426F-B2A1-FFD120C89602}.Release|Any CPU.ActiveCfg = Release|Any CPU
		{A511C1FF-5592-426F-B2A1-FFD120C89602}.Release|Any CPU.Build.0 = Release|Any CPU
		{A511C1FF-5592-426F-B2A1-FFD120C89602}.Release|x86.ActiveCfg = Release|Any CPU
		{A511C1FF-5592-426F-B2A1-FFD120C89602}.Release|x86.Build.0 = Release|Any CPU
		{4C291EEB-464E-4A73-A0CD-5ACA6D7585AF}.Debug|Any CPU.ActiveCfg = Debug|Any CPU
		{4C291EEB-464E-4A73-A0CD-5ACA6D7585AF}.Debug|Any CPU.Build.0 = Debug|Any CPU
		{4C291EEB-464E-4A73-A0CD-5ACA6D7585AF}.Debug|x86.ActiveCfg = Debug|Any CPU
		{4C291EEB-464E-4A73-A0CD-5ACA6D7585AF}.Debug|x86.Build.0 = Debug|Any CPU
		{4C291EEB-464E-4A73-A0CD-5ACA6D7585AF}.Release|Any CPU.ActiveCfg = Release|Any CPU
		{4C291EEB-464E-4A73-A0CD-5ACA6D7585AF}.Release|Any CPU.Build.0 = Release|Any CPU
		{4C291EEB-464E-4A73-A0CD-5ACA6D7585AF}.Release|x86.ActiveCfg = Release|Any CPU
		{4C291EEB-464E-4A73-A0CD-5ACA6D7585AF}.Release|x86.Build.0 = Release|Any CPU
		{991BEF27-9762-4A59-B0A1-ECED0CEC2063}.Debug|Any CPU.ActiveCfg = Debug|Any CPU
		{991BEF27-9762-4A59-B0A1-ECED0CEC2063}.Debug|Any CPU.Build.0 = Debug|Any CPU
		{991BEF27-9762-4A59-B0A1-ECED0CEC2063}.Debug|x86.ActiveCfg = Debug|Any CPU
		{991BEF27-9762-4A59-B0A1-ECED0CEC2063}.Debug|x86.Build.0 = Debug|Any CPU
		{991BEF27-9762-4A59-B0A1-ECED0CEC2063}.Release|Any CPU.ActiveCfg = Release|Any CPU
		{991BEF27-9762-4A59-B0A1-ECED0CEC2063}.Release|Any CPU.Build.0 = Release|Any CPU
		{991BEF27-9762-4A59-B0A1-ECED0CEC2063}.Release|x86.ActiveCfg = Release|Any CPU
		{991BEF27-9762-4A59-B0A1-ECED0CEC2063}.Release|x86.Build.0 = Release|Any CPU
	EndGlobalSection
	GlobalSection(SolutionProperties) = preSolution
		HideSolutionNode = FALSE
	EndGlobalSection
	GlobalSection(NestedProjects) = preSolution
		{EC777E43-5DDB-481C-9A70-07B4AB6AF769} = {C43759A6-AF84-44EC-9936-2BBD82CE39A3}
		{1E4F3BDB-E3A1-4CD9-ABA3-C2E89A1F7C21} = {C43759A6-AF84-44EC-9936-2BBD82CE39A3}
		{4C291EEB-464E-4A73-A0CD-5ACA6D7585AF} = {53419FFE-CE58-4DBA-AF4E-3F92600FC303}
		{991BEF27-9762-4A59-B0A1-ECED0CEC2063} = {53419FFE-CE58-4DBA-AF4E-3F92600FC303}
	EndGlobalSection
	GlobalSection(ExtensibilityGlobals) = postSolution
		SolutionGuid = {03C870A8-B7AE-49F7-8978-E474E532823B}
	EndGlobalSection
	GlobalSection(AvalonStudioProperties) = preSolution
		StartupItem = {A511C1FF-5592-426F-B2A1-FFD120C89602}
	EndGlobalSection
EndGlobal
